
Microsoft Visual Studio Solution File, Format Version 12.00
# Visual Studio 15
VisualStudioVersion = 15.0.28307.136
MinimumVisualStudioVersion = 10.0.40219.1
Project("{9A19103F-16F7-4668-BE54-9A1E7A4F7556}") = "AlphaParAPI", "AlphaParAPI\AlphaParAPI.csproj", "{36294300-D551-41B2-A012-113D38699163}"
EndProject
Project("{9A19103F-16F7-4668-BE54-9A1E7A4F7556}") = "AlphaParLinux", "AlphaParLinux\AlphaParLinux.csproj", "{3DCBD2C6-EE0B-4718-B8C5-645BF38A36F6}"
EndProject
Project("{FAE04EC0-301F-11D3-BF4B-00C04F79EFBC}") = "AlphaParWindows", "AlphaParWindows\AlphaParWindows.csproj", "{E2C6BD73-13BC-467B-BED0-BCBEE8C9D2EC}"
EndProject
Project("{FAE04EC0-301F-11D3-BF4B-00C04F79EFBC}") = "AlphaParJS", "AlphaParJS\AlphaParJS.csproj", "{2AC8DA13-16A6-4C8D-A241-441360BC49FA}"
EndProject
Global
	GlobalSection(SolutionConfigurationPlatforms) = preSolution
		Debug|Any CPU = Debug|Any CPU
		Release|Any CPU = Release|Any CPU
	EndGlobalSection
	GlobalSection(ProjectConfigurationPlatforms) = postSolution
		{36294300-D551-41B2-A012-113D38699163}.Debug|Any CPU.ActiveCfg = Debug|Any CPU
		{36294300-D551-41B2-A012-113D38699163}.Debug|Any CPU.Build.0 = Debug|Any CPU
		{36294300-D551-41B2-A012-113D38699163}.Release|Any CPU.ActiveCfg = Release|Any CPU
		{36294300-D551-41B2-A012-113D38699163}.Release|Any CPU.Build.0 = Release|Any CPU
		{3DCBD2C6-EE0B-4718-B8C5-645BF38A36F6}.Debug|Any CPU.ActiveCfg = Debug|Any CPU
		{3DCBD2C6-EE0B-4718-B8C5-645BF38A36F6}.Debug|Any CPU.Build.0 = Debug|Any CPU
		{3DCBD2C6-EE0B-4718-B8C5-645BF38A36F6}.Release|Any CPU.ActiveCfg = Release|Any CPU
		{3DCBD2C6-EE0B-4718-B8C5-645BF38A36F6}.Release|Any CPU.Build.0 = Release|Any CPU
		{E2C6BD73-13BC-467B-BED0-BCBEE8C9D2EC}.Debug|Any CPU.ActiveCfg = Debug|Any CPU
		{E2C6BD73-13BC-467B-BED0-BCBEE8C9D2EC}.Debug|Any CPU.Build.0 = Debug|Any CPU
		{E2C6BD73-13BC-467B-BED0-BCBEE8C9D2EC}.Release|Any CPU.ActiveCfg = Release|Any CPU
		{E2C6BD73-13BC-467B-BED0-BCBEE8C9D2EC}.Release|Any CPU.Build.0 = Release|Any CPU
		{2AC8DA13-16A6-4C8D-A241-441360BC49FA}.Debug|Any CPU.ActiveCfg = Debug|Any CPU
		{2AC8DA13-16A6-4C8D-A241-441360BC49FA}.Debug|Any CPU.Build.0 = Debug|Any CPU
		{2AC8DA13-16A6-4C8D-A241-441360BC49FA}.Release|Any CPU.ActiveCfg = Release|Any CPU
		{2AC8DA13-16A6-4C8D-A241-441360BC49FA}.Release|Any CPU.Build.0 = Release|Any CPU
	EndGlobalSection
	GlobalSection(SolutionProperties) = preSolution
		HideSolutionNode = FALSE
	EndGlobalSection
	GlobalSection(ExtensibilityGlobals) = postSolution
		SolutionGuid = {B4F6CABA-B15E-4ADD-93A1-9632FD3B1A76}
	EndGlobalSection
EndGlobal
